
Microsoft Visual Studio Solution File, Format Version 10.00
# Visual Studio 2008
Project("{FAE04EC0-301F-11D3-BF4B-00C04F79EFBC}") = "GLinq", "GLinq\GLinq.csproj", "{418FB735-7430-4210-AD6C-2930676C0E13}"
EndProject
Project("{FAE04EC0-301F-11D3-BF4B-00C04F79EFBC}") = "GoogleItems", "GoogleItems\GoogleItems.csproj", "{A2F89FEA-6316-4FF2-8954-B954E01073B0}"
EndProject
Project("{FAE04EC0-301F-11D3-BF4B-00C04F79EFBC}") = "ConsoleTest", "ConsoleTest\ConsoleTest.csproj", "{47CA048E-ED72-4CB0-B6ED-C75140ACBACB}"
EndProject
Global
	GlobalSection(SolutionConfigurationPlatforms) = preSolution
		Debug|Any CPU = Debug|Any CPU
		Release|Any CPU = Release|Any CPU
	EndGlobalSection
	GlobalSection(ProjectConfigurationPlatforms) = postSolution
		{418FB735-7430-4210-AD6C-2930676C0E13}.Debug|Any CPU.ActiveCfg = Debug|Any CPU
		{418FB735-7430-4210-AD6C-2930676C0E13}.Debug|Any CPU.Build.0 = Debug|Any CPU
		{418FB735-7430-4210-AD6C-2930676C0E13}.Release|Any CPU.ActiveCfg = Release|Any CPU
		{418FB735-7430-4210-AD6C-2930676C0E13}.Release|Any CPU.Build.0 = Release|Any CPU
		{A2F89FEA-6316-4FF2-8954-B954E01073B0}.Debug|Any CPU.ActiveCfg = Debug|Any CPU
		{A2F89FEA-6316-4FF2-8954-B954E01073B0}.Debug|Any CPU.Build.0 = Debug|Any CPU
		{A2F89FEA-6316-4FF2-8954-B954E01073B0}.Release|Any CPU.ActiveCfg = Release|Any CPU
		{A2F89FEA-6316-4FF2-8954-B954E01073B0}.Release|Any CPU.Build.0 = Release|Any CPU
		{47CA048E-ED72-4CB0-B6ED-C75140ACBACB}.Debug|Any CPU.ActiveCfg = Debug|Any CPU
		{47CA048E-ED72-4CB0-B6ED-C75140ACBACB}.Debug|Any CPU.Build.0 = Debug|Any CPU
		{47CA048E-ED72-4CB0-B6ED-C75140ACBACB}.Release|Any CPU.ActiveCfg = Release|Any CPU
		{47CA048E-ED72-4CB0-B6ED-C75140ACBACB}.Release|Any CPU.Build.0 = Release|Any CPU
	EndGlobalSection
	GlobalSection(SolutionProperties) = preSolution
		HideSolutionNode = FALSE
	EndGlobalSection
EndGlobal
